Microsoft Visual Studio Solution File, Format Version 12.00
# Visual Studio Version 17
VisualStudioVersion = 17.5.2.0
MinimumVisualStudioVersion = 10.0.40219.1
Project("{FAE04EC0-301F-11D3-BF4B-00C04F79EFBC}") = "ArifTanPortfolio", "ArifTanPortfolio\ArifTanPortfolio.csproj", "{FE3730AF-CF05-0B49-130F-421B28262C67}"
EndProject
Project("{FAE04EC0-301F-11D3-BF4B-00C04F79EFBC}") = "ArifTanPortfolio.Tests", "ArifTanPortfolio.Tests\ArifTanPortfolio.Tests.csproj", "{A56BCCAC-8716-4FC2-B5AD-182C8036D00C}"
EndProject
Global
	GlobalSection(SolutionConfigurationPlatforms) = preSolution
		Debug|Any CPU = Debug|Any CPU
		Release|Any CPU = Release|Any CPU
	EndGlobalSection
	GlobalSection(ProjectConfigurationPlatforms) = postSolution
		{FE3730AF-CF05-0B49-130F-421B28262C67}.Debug|Any CPU.ActiveCfg = Debug|Any CPU
		{FE3730AF-CF05-0B49-130F-421B28262C67}.Debug|Any CPU.Build.0 = Debug|Any CPU
		{FE3730AF-CF05-0B49-130F-421B28262C67}.Release|Any CPU.ActiveCfg = Release|Any CPU
		{FE3730AF-CF05-0B49-130F-421B28262C67}.Release|Any CPU.Build.0 = Release|Any CPU
		{A56BCCAC-8716-4FC2-B5AD-182C8036D00C}.Debug|Any CPU.ActiveCfg = Debug|Any CPU
		{A56BCCAC-8716-4FC2-B5AD-182C8036D00C}.Debug|Any CPU.Build.0 = Debug|Any CPU
		{A56BCCAC-8716-4FC2-B5AD-182C8036D00C}.Release|Any CPU.ActiveCfg = Release|Any CPU
		{A56BCCAC-8716-4FC2-B5AD-182C8036D00C}.Release|Any CPU.Build.0 = Release|Any CPU
	EndGlobalSection
	GlobalSection(SolutionProperties) = preSolution
		HideSolutionNode = FALSE
	EndGlobalSection
	GlobalSection(ExtensibilityGlobals) = postSolution
		SolutionGuid = {EEF55B51-7B7B-4D0C-89FD-360541D6F63D}
	EndGlobalSection
EndGlobal
